// !$*UTF8*$!
{
	archiveVersion = 1;
	classes = {
	};
	objectVersion = 50;
	objects = {

/* Begin PBXBuildFile section */
		3011470523242B220052617B /* AppDelegate.swift in Sources */ = {isa = PBXBuildFile; fileRef = 3011470423242B220052617B /* AppDelegate.swift */; };
		3011470723242B220052617B /* ViewController.swift in Sources */ = {isa = PBXBuildFile; fileRef = 3011470623242B220052617B /* ViewController.swift */; };
		3011470A23242B220052617B /* Main.storyboard in Resources */ = {isa = PBXBuildFile; fileRef = 3011470823242B220052617B /* Main.storyboard */; };
		3011470C23242B240052617B /* Assets.xcassets in Resources */ = {isa = PBXBuildFile; fileRef = 3011470B23242B240052617B /* Assets.xcassets */; };
		3011470F23242B240052617B /* LaunchScreen.storyboard in Resources */ = {isa = PBXBuildFile; fileRef = 3011470D23242B240052617B /* LaunchScreen.storyboard */; };
		3011471723242B3E0052617B /* TempConverter.swift in Sources */ = {isa = PBXBuildFile; fileRef = 3011471623242B3E0052617B /* TempConverter.swift */; };
		30B65A502329B059005AF624 /* daniel-ramirez-q4TfWtnz_xw-unsplash.jpg in Resources */ = {isa = PBXBuildFile; fileRef = 30B65A4F2329B059005AF624 /* daniel-ramirez-q4TfWtnz_xw-unsplash.jpg */; };
		30F587B123271DB90059DF6F /* AboutViewController.swift in Sources */ = {isa = PBXBuildFile; fileRef = 30F587B023271DB90059DF6F /* AboutViewController.swift */; };
/* End PBXBuildFile section */

/* Begin PBXFileReference section */
		3011470123242B220052617B /* TempConverterApp.app */ = {isa = PBXFileReference; explicitFileType = wrapper.application; includeInIndex = 0; path = TempConverterApp.app; sourceTree = BUILT_PRODUCTS_DIR; };
		3011470423242B220052617B /* AppDelegate.swift */ = {isa = PBXFileReference; lastKnownFileType = sourcecode.swift; path = AppDelegate.swift; sourceTree = "<group>"; };
		3011470623242B220052617B /* ViewController.swift */ = {isa = PBXFileReference; lastKnownFileType = sourcecode.swift; path = ViewController.swift; sourceTree = "<group>"; };
		3011470923242B220052617B /* Base */ = {isa = PBXFileReference; lastKnownFileType = file.storyboard; name = Base; path = Base.lproj/Main.storyboard; sourceTree = "<group>"; };
		3011470B23242B240052617B /* Assets.xcassets */ = {isa = PBXFileReference; lastKnownFileType = folder.assetcatalog; path = Assets.xcassets; sourceTree = "<group>"; };
		3011470E23242B240052617B /* Base */ = {isa = PBXFileReference; lastKnownFileType = file.storyboard; name = Base; path = Base.lproj/LaunchScreen.storyboard; sourceTree = "<group>"; };
		3011471023242B240052617B /* Info.plist */ = {isa = PBXFileReference; lastKnownFileType = text.plist.xml; path = Info.plist; sourceTree = "<group>"; };
		3011471623242B3E0052617B /* TempConverter.swift */ = {isa = PBXFileReference; lastKnownFileType = sourcecode.swift; path = TempConverter.swift; sourceTree = "<group>"; };
		30B65A4F2329B059005AF624 /* daniel-ramirez-q4TfWtnz_xw-unsplash.jpg */ = {isa = PBXFileReference; lastKnownFileType = image.jpeg; name = "daniel-ramirez-q4TfWtnz_xw-unsplash.jpg"; path = "../../../../Downloads/daniel-ramirez-q4TfWtnz_xw-unsplash.jpg"; sourceTree = "<group>"; };
		30F587B023271DB90059DF6F /* AboutViewController.swift */ = {isa = PBXFileReference; lastKnownFileType = sourcecode.swift; path = AboutViewController.swift; sourceTree = "<group>"; };
/* End PBXFileReference section */

/* Begin PBXFrameworksBuildPhase section */
		301146FE23242B220052617B /* Frameworks */ = {
			isa = PBXFrameworksBuildPhase;
			buildActionMask = 2147483647;
			files = (
			);
			runOnlyForDeploymentPostprocessing = 0;
		};
/* End PBXFrameworksBuildPhase section */

/* Begin PBXGroup section */
		301146F823242B220052617B = {
			isa = PBXGroup;
			children = (
				3011470323242B220052617B /* TempConverterApp */,
				3011470223242B220052617B /* Products */,
			);
			sourceTree = "<group>";
		};
		3011470223242B220052617B /* Products */ = {
			isa = PBXGroup;
			children = (
				3011470123242B220052617B /* TempConverterApp.app */,
			);
			name = Products;
			sourceTree = "<group>";
		};
		3011470323242B220052617B /* TempConverterApp */ = {
			isa = PBXGroup;
			children = (
				30B65A4F2329B059005AF624 /* daniel-ramirez-q4TfWtnz_xw-unsplash.jpg */,
				3011470423242B220052617B /* AppDelegate.swift */,
				3011470623242B220052617B /* ViewController.swift */,
				3011470823242B220052617B /* Main.storyboard */,
				3011470B23242B240052617B /* Assets.xcassets */,
				3011470D23242B240052617B /* LaunchScreen.storyboard */,
				3011471023242B240052617B /* Info.plist */,
				3011471623242B3E0052617B /* TempConverter.swift */,
				30F587B023271DB90059DF6F /* AboutViewController.swift */,
			);
			path = TempConverterApp;
			sourceTree = "<group>";
		};
/* End PBXGroup section */

/* Begin PBXNativeTarget section */
		3011470023242B220052617B /* TempConverterApp */ = {
			isa = PBXNativeTarget;
			buildConfigurationList = 3011471323242B240052617B /* Build configuration list for PBXNativeTarget "TempConverterApp" */;
			buildPhases = (
				301146FD23242B220052617B /* Sources */,
				301146FE23242B220052617B /* Frameworks */,
				301146FF23242B220052617B /* Resources */,
			);
			buildRules = (
			);
			dependencies = (
			);
			name = TempConverterApp;
			productName = TempConverterApp;
			productReference = 3011470123242B220052617B /* TempConverterApp.app */;
			productType = "com.apple.product-type.application";
		};
/* End PBXNativeTarget section */

/* Begin PBXProject section */
		301146F923242B220052617B /* Project object */ = {
			isa = PBXProject;
			attributes = {
				LastSwiftUpdateCheck = 1030;
				LastUpgradeCheck = 1030;
				ORGANIZATIONNAME = "David Inyangson";
				TargetAttributes = {
					3011470023242B220052617B = {
						CreatedOnToolsVersion = 10.3;
					};
				};
			};
			buildConfigurationList = 301146FC23242B220052617B /* Build configuration list for PBXProject "TempConverterApp" */;
			compatibilityVersion = "Xcode 9.3";
			developmentRegion = en;
			hasScannedForEncodings = 0;
			knownRegions = (
				en,
				Base,
			);
			mainGroup = 301146F823242B220052617B;
			productRefGroup = 3011470223242B220052617B /* Products */;
			projectDirPath = "";
			projectRoot = "";
			targets = (
				3011470023242B220052617B /* TempConverterApp */,
			);
		};
/* End PBXProject section */

/* Begin PBXResourcesBuildPhase section */
		301146FF23242B220052617B /* Resources */ = {
			isa = PBXResourcesBuildPhase;
			buildActionMask = 2147483647;
			files = (
				3011470F23242B240052617B /* LaunchScreen.storyboard in Resources */,
				3011470C23242B240052617B /* Assets.xcassets in Resources */,
				30B65A502329B059005AF624 /* daniel-ramirez-q4TfWtnz_xw-unsplash.jpg in Resources */,
				3011470A23242B220052617B /* Main.storyboard in Resources */,
			);
			runOnlyForDeploymentPostprocessing = 0;
		};
/* End PBXResourcesBuildPhase section */

/* Begin PBXSourcesBuildPhase section */
		301146FD23242B220052617B /* Sources */ = {
			isa = PBXSourcesBuildPhase;
			buildActionMask = 2147483647;
			files = (
				3011471723242B3E0052617B /* TempConverter.swift in Sources */,
				3011470723242B220052617B /* ViewController.swift in Sources */,
				30F587B123271DB90059DF6F /* AboutViewController.swift in Sources */,
				3011470523242B220052617B /* AppDelegate.swift in Sources */,
			);
			runOnlyForDeploymentPostprocessing = 0;
		};
/* End PBXSourcesBuildPhase section */

/* Begin PBXVariantGroup section */
		3011470823242B220052617B /* Main.storyboard */ = {
			isa = PBXVariantGroup;
			children = (
				3011470923242B220052617B /* Base */,
			);
			name = Main.storyboard;
			sourceTree = "<group>";
		};
		3011470D23242B240052617B /* LaunchScreen.storyboard */ = {
			isa = PBXVariantGroup;
			children = (
				3011470E23242B240052617B /* Base */,
			);
			name = LaunchScreen.storyboard;
			sourceTree = "<group>";
		};
/* End PBXVariantGroup section */

/* Begin XCBuildConfiguration section */
		3011471123242B240052617B /* Debug */ = {
			isa = XCBuildConfiguration;
			buildSettings = {
				ALWAYS_SEARCH_USER_PATHS = NO;
				CLANG_ANALYZER_NONNULL = YES;
				CLANG_ANALYZER_NUMBER_OBJECT_CONVERSION = YES_AGGRESSIVE;
				CLANG_CXX_LANGUAGE_STANDARD = "gnu++14";
				CLANG_CXX_LIBRARY = "libc++";
				CLANG_ENABLE_MODULES = YES;
				CLANG_ENABLE_OBJC_ARC = YES;
				CLANG_ENABLE_OBJC_WEAK = YES;
				CLANG_WARN_BLOCK_CAPTURE_AUTORELEASING = YES;
				CLANG_WARN_BOOL_CONVERSION = YES;
				CLANG_WARN_COMMA = YES;
				CLANG_WARN_CONSTANT_CONVERSION = YES;
				CLANG_WARN_DEPRECATED_OBJC_IMPLEMENTATIONS = YES;
				CLANG_WARN_DIRECT_OBJC_ISA_USAGE = YES_ERROR;
				CLANG_WARN_DOCUMENTATION_COMMENTS = YES;
				CLANG_WARN_EMPTY_BODY = YES;
				CLANG_WARN_ENUM_CONVERSION = YES;
				CLANG_WARN_INFINITE_RECURSION = YES;
				CLANG_WARN_INT_CONVERSION = YES;
				CLANG_WARN_NON_LITERAL_NULL_CONVERSION = YES;
				CLANG_WARN_OBJC_IMPLICIT_RETAIN_SELF = YES;
				CLANG_WARN_OBJC_LITERAL_CONVERSION = YES;
				CLANG_WARN_OBJC_ROOT_CLASS = YES_ERROR;
				CLANG_WARN_RANGE_LOOP_ANALYSIS = YES;
				CLANG_WARN_STRICT_PROTOTYPES = YES;
				CLANG_WARN_SUSPICIOUS_MOVE = YES;
				CLANG_WARN_UNGUARDED_AVAILABILITY = YES_AGGRESSIVE;
				CLANG_WARN_UNREACHABLE_CODE = YES;
				CLANG_WARN__DUPLICATE_METHOD_MATCH = YES;
				CODE_SIGN_IDENTITY = "iPhone Developer";
				COPY_PHASE_STRIP = NO;
				DEBUG_INFORMATION_FORMAT = dwarf;
				ENABLE_STRICT_OBJC_MSGSEND = YES;
				ENABLE_TESTABILITY = YES;
				GCC_C_LANGUAGE_STANDARD = gnu11;
				GCC_DYNAMIC_NO_PIC = NO;
				GCC_NO_COMMON_BLOCKS = YES;
				GCC_OPTIMIZATION_LEVEL = 0;
				GCC_PREPROCESSOR_DEFINITIONS = (
					"DEBUG=1",
					"$(inherited)",
				);
				GCC_WARN_64_TO_32_BIT_CONVERSION = YES;
				GCC_WARN_ABOUT_RETURN_TYPE = YES_ERROR;
				GCC_WARN_UNDECLARED_SELECTOR = YES;
				GCC_WARN_UNINITIALIZED_AUTOS = YES_AGGRESSIVE;
				GCC_WARN_UNUSED_FUNCTION = YES;
				GCC_WARN_UNUSED_VARIABLE = YES;
				IPHONEOS_DEPLOYMENT_TARGET = 12.4;
				MTL_ENABLE_DEBUG_INFO = INCLUDE_SOURCE;
				MTL_FAST_MATH = YES;
				ONLY_ACTIVE_ARCH = YES;
				SDKROOT = iphoneos;
				SWIFT_ACTIVE_COMPILATION_CONDITIONS = DEBUG;
				SWIFT_OPTIMIZATION_LEVEL = "-Onone";
			};
			name = Debug;
		};
		3011471223242B240052617B /* Release */ = {
			isa = XCBuildConfiguration;
			buildSettings = {
				ALWAYS_SEARCH_USER_PATHS = NO;
				CLANG_ANALYZER_NONNULL = YES;
				CLANG_ANALYZER_NUMBER_OBJECT_CONVERSION = YES_AGGRESSIVE;
				CLANG_CXX_LANGUAGE_STANDARD = "gnu++14";
				CLANG_CXX_LIBRARY = "libc++";
				CLANG_ENABLE_MODULES = YES;
				CLANG_ENABLE_OBJC_ARC = YES;
				CLANG_ENABLE_OBJC_WEAK = YES;
				CLANG_WARN_BLOCK_CAPTURE_AUTORELEASING = YES;
				CLANG_WARN_BOOL_CONVERSION = YES;
				CLANG_WARN_COMMA = YES;
				CLANG_WARN_CONSTANT_CONVERSION = YES;
				CLANG_WARN_DEPRECATED_OBJC_IMPLEMENTATIONS = YES;
				CLANG_WARN_DIRECT_OBJC_ISA_USAGE = YES_ERROR;
				CLANG_WARN_DOCUMENTATION_COMMENTS = YES;
				CLANG_WARN_EMPTY_BODY = YES;
				CLANG_WARN_ENUM_CONVERSION = YES;
				CLANG_WARN_INFINITE_RECURSION = YES;
				CLANG_WARN_INT_CONVERSION = YES;
				CLANG_WARN_NON_LITERAL_NULL_CONVERSION = YES;
				CLANG_WARN_OBJC_IMPLICIT_RETAIN_SELF = YES;
				CLANG_WARN_OBJC_LITERAL_CONVERSION = YES;
				CLANG_WARN_OBJC_ROOT_CLASS = YES_ERROR;
				CLANG_WARN_RANGE_LOOP_ANALYSIS = YES;
				CLANG_WARN_STRICT_PROTOTYPES = YES;
				CLANG_WARN_SUSPICIOUS_MOVE = YES;
				CLANG_WARN_UNGUARDED_AVAILABILITY = YES_AGGRESSIVE;
				CLANG_WARN_UNREACHABLE_CODE = YES;
				CLANG_WARN__DUPLICATE_METHOD_MATCH = YES;
				CODE_SIGN_IDENTITY = "iPhone Developer";
				COPY_PHASE_STRIP = NO;
				DEBUG_INFORMATION_FORMAT = "dwarf-with-dsym";
				ENABLE_NS_ASSERTIONS = NO;
				ENABLE_STRICT_OBJC_MSGSEND = YES;
				GCC_C_LANGUAGE_STANDARD = gnu11;
				GCC_NO_COMMON_BLOCKS = YES;
				GCC_WARN_64_TO_32_BIT_CONVERSION = YES;
				GCC_WARN_ABOUT_RETURN_TYPE = YES_ERROR;
				GCC_WARN_UNDECLARED_SELECTOR = YES;
				GCC_WARN_UNINITIALIZED_AUTOS = YES_AGGRESSIVE;
				GCC_WARN_UNUSED_FUNCTION = YES;
				GCC_WARN_UNUSED_VARIABLE = YES;
				IPHONEOS_DEPLOYMENT_TARGET = 12.4;
				MTL_ENABLE_DEBUG_INFO = NO;
				MTL_FAST_MATH = YES;
				SDKROOT = iphoneos;
				SWIFT_COMPILATION_MODE = wholemodule;
				SWIFT_OPTIMIZATION_LEVEL = "-O";
				VALIDATE_PRODUCT = YES;
			};
			name = Release;
		};
		3011471423242B240052617B /* Debug */ = {
			isa = XCBuildConfiguration;
			buildSettings = {
				ASSETCATALOG_COMPILER_APPICON_NAME = AppIcon;
				CODE_SIGN_STYLE = Automatic;
				INFOPLIST_FILE = TempConverterApp/Info.plist;
				LD_RUNPATH_SEARCH_PATHS = (
					"$(inherited)",
					"@executable_path/Frameworks",
				);
				PRODUCT_BUNDLE_IDENTIFIER = Much2Money.TempConverterApp;
				PRODUCT_NAME = "$(TARGET_NAME)";
				SWIFT_VERSION = 5.0;
				TARGETED_DEVICE_FAMILY = "1,2";
			};
			name = Debug;
		};
		3011471523242B240052617B /* Release */ = {
			isa = XCBuildConfiguration;
			buildSettings = {
				ASSETCATALOG_COMPILER_APPICON_NAME = AppIcon;
				CODE_SIGN_STYLE = Automatic;
				INFOPLIST_FILE = TempConverterApp/Info.plist;
				LD_RUNPATH_SEARCH_PATHS = (
					"$(inherited)",
					"@executable_path/Frameworks",
				);
				PRODUCT_BUNDLE_IDENTIFIER = Much2Money.TempConverterApp;
				PRODUCT_NAME = "$(TARGET_NAME)";
				SWIFT_VERSION = 5.0;
				TARGETED_DEVICE_FAMILY = "1,2";
			};
			name = Release;
		};
/* End XCBuildConfiguration section */

/* Begin XCConfigurationList section */
		301146FC23242B220052617B /* Build configuration list for PBXProject "TempConverterApp" */ = {
			isa = XCConfigurationList;
			buildConfigurations = (
				3011471123242B240052617B /* Debug */,
				3011471223242B240052617B /* Release */,
			);
			defaultConfigurationIsVisible = 0;
			defaultConfigurationName = Release;
		};
		3011471323242B240052617B /* Build configuration list for PBXNativeTarget "TempConverterApp" */ = {
			isa = XCConfigurationList;
			buildConfigurations = (
				3011471423242B240052617B /* Debug */,
				3011471523242B240052617B /* Release */,
			);
			defaultConfigurationIsVisible = 0;
			defaultConfigurationName = Release;
		};
/* End XCConfigurationList section */
	};
	rootObject = 301146F923242B220052617B /* Project object */;
}
